# This file was autogenerated by uv via the following command:
#    uv export --locked --no-emit-project --format requirements-txt --output-file requirements.lock
accelerate==1.14.0 ; platform_machine == 'x86_64' and sys_platform == 'linux' \
    --hash=sha256:41b9c4377a54e0b460a959b0defa1b736e4ca0a2373252d9a539964c2afe3c8d \
    --hash=sha256:e94390c2863b873be18f623f9df48a0d8fe5eff13ea7f1a00092b0a7904888c6
    # via
    #   causal-generalization-lab
    #   peft
aiohappyeyeballs==2.7.1 ; platform_machine == 'x86_64' and sys_platform == 'linux' \
    --hash=sha256:065665c041c42a5938ed220bdcd7230f22527fbec085e1853d2402c8a3615d9d \
    --hash=sha256:9243213661e29250eb41368e5daa826fc017156c3b8a11440826b2e3ed376472
    # via aiohttp
aiohttp==3.14.3 ; platform_machine == 'x86_64' and sys_platform == 'linux' \
    --hash=sha256:18cb43369747b2ae007bd2655fb8e63a099c2ff1d207962943636dac989b3147 \
    --hash=sha256:1c5ec8fb1bcc31a8466f74aaf26c345d5c386fa4bd08a3f0eb9c7a4a3fe8b5bf \
    --hash=sha256:2498f0fe69ead802f9675beca44a7c21c62fdaa4ec5145ea1c3ad6edbee29f85 \
    --hash=sha256:498c6c623134f8e09a3c4e60bcd607a0b4590dd7dbf08dd40851b27cbb520ccb \
    --hash=sha256:9491196535a88924a60afd5b5f434b5b203b6cc616250878dbdb223a8f7844bc \
    --hash=sha256:dfa68deb2a443bdaa3ea5297b0699c1464f08aef3812b486d1348eee61b07dc0
    # via fsspec
aiosignal==1.4.0 ; platform_machine == 'x86_64' and sys_platform == 'linux' \
    --hash=sha256:053243f8b92b990551949e63930a839ff0cf0b0ebbe0597b0f3fb19e1a0fe82e \
    --hash=sha256:f47eecd9468083c2029cc99945502cb7708b082c232f9aca65da147157b251c7
    # via aiohttp
annotated-doc==0.0.5 ; platform_machine == 'x86_64' and sys_platform == 'linux' \
    --hash=sha256:117bac03a25ede5df5440e855b32d556049ca169ead221505badf432fed4b101 \
    --hash=sha256:c7e58ce09192557605d8bbd92836d7e1d520ac9580096042c0bfd197efacf1bb
    # via typer
annotated-types==0.8.0 ; platform_machine == 'x86_64' and sys_platform == 'linux' \
    --hash=sha256:13b2beaad985e05e2d6407ee4c4f35590b11f8d693a258a561055cac8f64cab7 \
    --hash=sha256:f072f4d804ea359e4eaf198b1af7a8b0943881a87f31bb764f8bf219bb9419e0
    # via pydantic
anyio==4.15.1 ; platform_machine == 'x86_64' and sys_platform == 'linux' \
    --hash=sha256:6152fdbbf9a77fdec97731721bebf7c4c44f7c29b424b0065826173efc7ed101 \
    --hash=sha256:9f28306018cbd6d329e64a36d58256edff76dd996fe423bc957326e578b82a94
    # via httpx
attrs==26.1.0 ; platform_machine == 'x86_64' and sys_platform == 'linux' \
    --hash=sha256:c647aa4a12dfbad9333ca4e71fe62ddc36f4e63b2d260a37a8b83d2f043ac309 \
    --hash=sha256:d03ceb89cb322a8fd706d4fb91940737b6642aa36998fe130a9bc96c985eff32
    # via aiohttp
bitsandbytes==0.50.2 ; platform_machine == 'x86_64' and sys_platform == 'linux' \
    --hash=sha256:55348a9a4a21bfd99cf8c7b32fe67b4030ae5c2a05738e03c1747f65fa6ec283
    # via causal-generalization-lab
certifi==2026.7.22 ; platform_machine == 'x86_64' and sys_platform == 'linux' \
    --hash=sha256:62f22742b58a1a33014a2b6b706588a8d7e2a88ae7bd1a6ebe8c992928483775 \
    --hash=sha256:741e2c3b351ddf169a738da9f2c048608ff7f2c5cc02f1ebc6b118bb090d5d55
    # via
    #   httpcore
    #   httpx
    #   requests
cffi==2.1.1 ; platform_machine == 'x86_64' and sys_platform == 'linux' \
    --hash=sha256:25792eac27877609e7bb06d42ff88278a6624fff2ba9bbb523c09616b117e80f \
    --hash=sha256:51b31d1c98274844cfd7838ce00bfc27c7423a4dc00fc0772fc3331c2cc90676 \
    --hash=sha256:5c58fe613dc5e5336357eff555824a314d8e43282600435c8d1cb6a7a2fedd13 \
    --hash=sha256:b0431303acaea1089ad4b3e9ce4e6518193def1118d4073ca848635ee4ea2e96 \
    --hash=sha256:dd31f52ea1086513bb9df30f8fcee9b8918323ae067a3d5b78bc826a000712be
    # via cryptography
charset-normalizer==3.5.1 ; platform_machine == 'x86_64' and sys_platform == 'linux' \
    --hash=sha256:15f024313246a4ed976c60f440bb8d257815513a681d212ff74fd46f7d715a90 \
    --hash=sha256:58d4aa13a59c969dbfdf9e6a9560e242cbfd9e8a8f50c2747714df1a423adf65 \
    --hash=sha256:6117b84ea48435e5356dc737f5121485c30920ba43375fa7b434fd753df0eac3 \
    --hash=sha256:6df0ec430f9a831772c23ca5a224cba36517a58a84bb32c32bb59a9fa67c47f6 \
    --hash=sha256:85d5855daafc240cc045c026d7a15fd198a09b0fc8ff6f5ecbb5297b509cb11e \
    --hash=sha256:9ac4444d8d4fd4c4bd08bf451ed3167aa9e7ec6cdb41b648794f1d1103652e36 \
    --hash=sha256:a6dac12ff6b846103483683f60c5f8fee205121adc58ffd87e90a90a3af69e99 \
    --hash=sha256:e199fb99720074809a7720f1c0b4d919eea8b87e88713e0f8f602f7bef543d9d \
    --hash=sha256:f03ac127268b43ef4fe9e6ab6794a6794b49485a0cc0c1db79876d2f33f75bc7
    # via requests
click==8.5.0 ; platform_machine == 'x86_64' and sys_platform == 'linux' \
    --hash=sha256:255bc9599cf7748b4b1a446ccc735421bd08a2ae529a8b88597d3de5664ee360 \
    --hash=sha256:ba0d2089de75ea0310e2dde03160e6ca10009947fb95a182f9b54021bb272e34
    # via
    #   easy-dataset-share
    #   huggingface-hub
cloudpickle==3.1.2 ; platform_machine == 'x86_64' and sys_platform == 'linux' \
    --hash=sha256:7fda9eb655c9c230dab534f1983763de5835249750e85fbcef43aaa30a9a2414 \
    --hash=sha256:9acb47f6afd73f60dc1df93bb801b472f05ff42fa6c84167d25cb206be1fbf4a
    # via joblib
contourpy==1.3.3 ; platform_machine == 'x86_64' and sys_platform == 'linux' \
    --hash=sha256:083e12155b210502d0bca491432bb04d56dc3432f95a979b429f2848c3dbe880 \
    --hash=sha256:6afc576f7b33cf00996e5c1102dc2a8f7cc89e39c0b55df93a0b78c1bd992b36 \
    --hash=sha256:b7301b89040075c30e5768810bc96a8e8d78085b47d8be6e4c3f5a0b4ed478a0 \
    --hash=sha256:f64836de09927cba6f79dcd00fdd7d5329f3fccc633468507079c829ca4db4e3 \
    --hash=sha256:fd6ec6be509c787f1caf6b247f0b1ca598bef13f4ddeaa126b7658215529ba0f
    # via matplotlib
coverage==7.16.0 ; platform_machine == 'x86_64' and sys_platform == 'linux' \
    --hash=sha256:077f0964087883176ff6ab9b074694cae29f8c708273b13ca62c183c6ed716cd \
    --hash=sha256:245f7de6d023a5bba375dbec9f2e0869bfa26ac0cc639bbb7b4c814884000b73 \
    --hash=sha256:51e7d0e311d2fba3915f971236cbdd4ad821fc7a23988221c0b33c964b0eba22 \
    --hash=sha256:a336b1e2990a64f5c356a9b8380fb9c029d56c832b801255250c44d603271bfd \
    --hash=sha256:c5297028c8df849a61b29129cadfe682f90b5b396f528eb319a57d7678eefdad \
    --hash=sha256:f98d438add63546745e5e847192e3e9ab897ed6f2ca96f8281e2f5a15958ae62
    # via pytest-cov
cryptography==41.0.7 ; platform_machine == 'x86_64' and sys_platform == 'linux' \
    --hash=sha256:13f93ce9bea8016c253b34afc6bd6a75993e5c40672ed5405a9c832f0d4a00bc \
    --hash=sha256:43f2552a2378b44869fe8827aa19e69512e3245a219104438692385b0ee119d1 \
    --hash=sha256:49f0805fc0b2ac8d4882dd52f4a3b935b210935d500b6b805f321addc8177406 \
    --hash=sha256:841df4caa01008bad253bce2a6f7b47f86dc9f08df4b433c404def869f590a15
    # via easy-dataset-share
cuda-bindings==13.3.1 ; platform_machine == 'x86_64' and sys_platform == 'linux' \
    --hash=sha256:36febb7c1079d68a981dbbd8d5a67235b399802b82075c9388624719607e52b9 \
    --hash=sha256:efd4c814d311ec08c981f6dded1dbe7d4b371067ee4f6c14cccec4bde9590f80
    # via torch
cuda-pathfinder==1.8.1 ; platform_machine == 'x86_64' and sys_platform == 'linux' \
    --hash=sha256:ae0137ff9e56ea97499bcbf54f5f2778ec25f3266715ac86da192a795af982a8
    # via cuda-bindings
cuda-toolkit==13.0.3.0 ; platform_machine == 'x86_64' and sys_platform == 'linux' \
    --hash=sha256:d693caaa261214ddd7dbb60d68e71cbed884e68c2be7509778f3051da0b91c3f
    # via torch
cycler==0.12.1 ; platform_machine == 'x86_64' and sys_platform == 'linux' \
    --hash=sha256:85cef7cff222d8644161529808465972e51340599459b8ac3ccbac5a854e0d30 \
    --hash=sha256:88bb128f02ba341da8ef447245a9e138fae777f6a23943da4540077d3601eb1c
    # via matplotlib
datasets==5.0.1 ; platform_machine == 'x86_64' and sys_platform == 'linux' \
    --hash=sha256:9fbf73688f8c18f7529b4fe592abd04015f81d1e58001e4bac73ffb2b39d7cc4 \
    --hash=sha256:ce22bb851efd7494f08aad33b940803784434f6e77763d00679a0dc45fcf686a
    # via causal-generalization-lab
dill==0.4.1 ; platform_machine == 'x86_64' and sys_platform == 'linux' \
    --hash=sha256:1e1ce33e978ae97fcfcff5638477032b801c46c7c65cf717f95fbc2248f79a9d \
    --hash=sha256:423092df4182177d4d8ba8290c8a5b640c66ab35ec7da59ccfa00f6fa3eea5fa
    # via
    #   datasets
    #   multiprocess
easy-dataset-share==0.5.0 ; platform_machine == 'x86_64' and sys_platform == 'linux' \
    --hash=sha256:153ac1c4b3bee914e4099a4803eaf5ad32ac8464d734afffc00cebeea6b7a8ab \
    --hash=sha256:58b747ad52e5b9022de85db61613e33d59fb7b4f55d6e3048e69f3b9cc3da46f
    # via causal-generalization-lab
filelock==3.32.5 ; platform_machine == 'x86_64' and sys_platform == 'linux' \
    --hash=sha256:142cd9fa77a872c5e78c62329a0d15278fadc686eb89e760017968961a4fd6b2 \
    --hash=sha256:f6a6a28f743f9b95ce19db5abe0f376f75eb56517dff21e1a4751e2657d3e83d
    # via
    #   datasets
    #   huggingface-hub
    #   torch
fonttools==4.64.0 ; platform_machine == 'x86_64' and sys_platform == 'linux' \
    --hash=sha256:08f172961e11f4eb4f80f2f20049e09b0ea8e044fa6d456fed8346eb8588f360 \
    --hash=sha256:2730946ca8f12c356bd98eb9b2b095c8e761ed05bed5afb0d5b380cebe4f6370 \
    --hash=sha256:4a05783ff54ce4c7a28f18e5772efdf63c219374bd9ffc55452182e1cef8be60 \
    --hash=sha256:b4a7af455ffed980925bc0ebf5b8d6239e6c3e797d9d755b6db192fb3080d614 \
    --hash=sha256:dc96150f99e05a317cb1f042b92c4cf8bc93cdb1f9f85717322e202ecdf2e505 \
    --hash=sha256:ecb2e59a7bc692fee64dda6010deb66222335693b30046f15cccf81233aa715f
    # via matplotlib
frozenlist==1.8.0 ; platform_machine == 'x86_64' and sys_platform == 'linux' \
    --hash=sha256:073f8bf8becba60aa931eb3bc420b217bb7d5b8f4750e6f8b3be7f3da85d38b7 \
    --hash=sha256:0c18a16eab41e82c295618a77502e17b195883241c563b00f0aa5106fc4eaa0d \
    --hash=sha256:39ecbc32f1390387d2aa4f5a995e465e9e2f79ba3adcac92d68e3e0afae6657c \
    --hash=sha256:3ede829ed8d842f6cd48fc7081d7a41001a56f1f38603f9d49bf3020d59a31ad \
    --hash=sha256:974b28cf63cc99dfb2188d8d222bc6843656188164848c4f679e63dae4b0708e \
    --hash=sha256:cba69cb73723c3f329622e34bdbf5ce1f80c21c290ff04256cff1cd3c2036ed2
    # via
    #   aiohttp
    #   aiosignal
fsspec==2026.6.0 ; platform_machine == 'x86_64' and sys_platform == 'linux' \
    --hash=sha256:02e0b71817df9b2169dc30a16832045764def1191b43dcff5bb85bdee212d2a1 \
    --hash=sha256:f5bac145310fe30e16e1471bd6840b2d990d609e872251d7e674241822abf01a
    # via
    #   datasets
    #   huggingface-hub
    #   torch
h11==0.16.0 ; platform_machine == 'x86_64' and sys_platform == 'linux' \
    --hash=sha256:4e35b956cf45792e4caa5885e69fba00bdbc6ffafbfa020300e549b208ee5ff1 \
    --hash=sha256:63cf8bbe7522de3bf65932fda1d9c2772064ffb3dae62d55932da54b31cb6c86
    # via httpcore
hf-xet==1.6.0 ; platform_machine == 'x86_64' and sys_platform == 'linux' \
    --hash=sha256:2e58454a340b3556dfa4972d5451aff4fba8dd42a236600ba1a1d2b1514f0fef \
    --hash=sha256:35cec30d75c6f9eb9c16a77cef68e85a103b72e24d4b473714ec9ff06428bab9 \
    --hash=sha256:8fb4f71cba6129110c3374a33f919001ff130488fc23553698e34cc1c2a1198c \
    --hash=sha256:d62671bb130879cef0ee4c9ebe47a14af6c66ec53e6d84dc15936e5ffdfac82f \
    --hash=sha256:f2f7278c05c22fd60cb436cda1269649b3e81db65ecdc8496e5e164aa4143e7b
    # via huggingface-hub
httpcore==1.0.9 ; platform_machine == 'x86_64' and sys_platform == 'linux' \
    --hash=sha256:2d400746a40668fc9dec9810239072b40b4484b640a8c38fd654a024c7a1bf55 \
    --hash=sha256:6e34463af53fd2ab5d807f399a9b45ea31c3dfa2276f15a2c3f00afff6e176e8
    # via httpx
httpx==0.28.1 ; platform_machine == 'x86_64' and sys_platform == 'linux' \
    --hash=sha256:75e98c5f16b0f35b567856f597f06ff2270a374470a5c2392242528e3e3e42fc \
    --hash=sha256:d909fcccc110f8c7faf814ca82a9a4d816bc5a6dbfea25d6591d6985b8ba59ad
    # via
    #   datasets
    #   huggingface-hub
huggingface-hub==1.30.0 ; platform_machine == 'x86_64' and sys_platform == 'linux' \
    --hash=sha256:96ae0a8e99a234374a6fe43e989ebd21c04640b91ab2927e7e5773ba1131ca59 \
    --hash=sha256:e6a6120bc8c8e2723d03648434ee247088cceb55ba7067e7d34d692cad5fdb57
    # via
    #   accelerate
    #   causal-generalization-lab
    #   datasets
    #   peft
    #   tokenizers
    #   transformers
idna==3.19 ; platform_machine == 'x86_64' and sys_platform == 'linux' \
    --hash=sha256:5e0811a4383b21dc5838069f801c4fb62113b7447663d2530d2bd6e77b49bf15 \
    --hash=sha256:815e7be7a7806d54abb586dc943addc79e8b2ee16915059658cbeff4b1b43bf4
    # via
    #   anyio
    #   httpx
    #   requests
    #   yarl
iniconfig==2.3.0 ; platform_machine == 'x86_64' and sys_platform == 'linux' \
    --hash=sha256:c76315c77db068650d49c5b56314774a7804df16fee4402c1f19d6d15d8c4730 \
    --hash=sha256:f631c04d2c48c52b84d0d0549c99ff3859c98df65b3101406327ecc7d53fbf12
    # via pytest
jinja2==3.1.6 ; platform_machine == 'x86_64' and sys_platform == 'linux' \
    --hash=sha256:0137fb05990d35f1275a587e9aee6d56da821fc83491a0fb838183be43f66d6d \
    --hash=sha256:85ece4451f492d0c13c5dd7c13a64681a86afae63a5f347908daf103ce6d2f67
    # via
    #   causal-generalization-lab
    #   torch
joblib==1.6.0 ; platform_machine == 'x86_64' and sys_platform == 'linux' \
    --hash=sha256:2ccc96785b12046c08fd6d55839c12857831b54a3c1673ffadd2f04bfc4eda03 \
    --hash=sha256:3dbbf9f6e4b592a2357b854608e980fe6390d131d7a82f011a377ef2ebef7aba
    # via scikit-learn
kiwisolver==1.5.1 ; platform_machine == 'x86_64' and sys_platform == 'linux' \
    --hash=sha256:007a5553dfc4f4e8d184f588a0200e2cd4b63a59cc8796df3c39909e679dc7a0 \
    --hash=sha256:18a0cfb124546a4c2e6087c5f3029c7f44b37c85b142e0ced71f73a7599ac208 \
    --hash=sha256:43844c1a7ad6d723d5b5b4c4fc7f5bd399c40e288120d16257c7c9e8765c6e85 \
    --hash=sha256:ee9df1f0d77b9c6e94f4ac0fec533fbddd5ea3a327807f18d7b069ae019ded80 \
    --hash=sha256:f1303ef2eec81262a4b708c3e858afe58d7c75ad91c1c05266eda7673369859a \
    --hash=sha256:f9b1c4900736e489a812c529100de4b8fb617d4db075e931e213c57424b83d9b
    # via matplotlib
markdown-it-py==4.2.0 ; platform_machine == 'x86_64' and sys_platform == 'linux' \
    --hash=sha256:04a21681d6fbb623de53f6f364d352309d4094dd4194040a10fd51833e418d49 \
    --hash=sha256:9f7ebbcd14fe59494226453aed97c1070d83f8d24b6fc3a3bcf9a38092641c4a
    # via rich
markupsafe==3.0.3 ; platform_machine == 'x86_64' and sys_platform == 'linux' \
    --hash=sha256:2713baf880df847f2bece4230d4d094280f4e67b1e813eec43b4c0e144a34ffe \
    --hash=sha256:457a69a9577064c05a97c41f4e65148652db078a3a509039e64d3467b9e7ef97 \
    --hash=sha256:5678211cb9333a6468fb8d8be0305520aa073f50d17f089b5b4b477ea6e67fdc \
    --hash=sha256:722695808f4b6457b320fdc131280796bdceb04ab50fe1795cd540799ebe1698 \
    --hash=sha256:fed51ac40f757d41b7c48425901843666a6677e3e8eb0abcff09e4ba6e664f50
    # via jinja2
matplotlib==3.11.1 ; platform_machine == 'x86_64' and sys_platform == 'linux' \
    --hash=sha256:3d3fd84082b1afbd9398466c81309e20045be20d48fe0fb18c43504d164cbbb2 \
    --hash=sha256:5af0dcda57d471440a7b5b623e70e0a61003518443d9098f211a96ecfbbc25be \
    --hash=sha256:69647db5746941c793d6e445a4cd349323ffb87d9cc958c2ad84a659b4832d30 \
    --hash=sha256:9fdf1c818ab05d0e74002091ddaf414478a3a449ec9d51c8976d45be7e3a01e2 \
    --hash=sha256:b937b9dba5f5f6c1e31c47abe2186c865c0914fd18f2ce0dfc39c9adcef5951d
    # via causal-generalization-lab
mdurl==0.1.2 ; platform_machine == 'x86_64' and sys_platform == 'linux' \
    --hash=sha256:84008a41e51615a49fc9966191ff91509e3c40b939176e643fd50a5c2196b8f8 \
    --hash=sha256:bb413d29f5eea38f31dd4754dd7377d4465116fb207585f97bf925588687c1ba
    # via markdown-it-py
mpmath==1.3.0 ; platform_machine == 'x86_64' and sys_platform == 'linux' \
    --hash=sha256:7a28eb2a9774d00c7bc92411c19a89209d5da7c4c9a9e227be8330a23a25b91f \
    --hash=sha256:a0b2b9fe80bbcd81a6647ff13108738cfb482d481d826cc0e02f5b35e5c88d2c
    # via sympy
multidict==6.7.1 ; platform_machine == 'x86_64' and sys_platform == 'linux' \
    --hash=sha256:55d97cc6dae627efa6a6e548885712d4864b81110ac76fa4e534c03819fa4a56 \
    --hash=sha256:7eee46ccb30ff48a1e35bb818cc90846c6be2b68240e42a78599166722cea709 \
    --hash=sha256:9004d8386d133b7e6135679424c91b0b854d2d164af6ea3f289f8f2761064609 \
    --hash=sha256:b4938326284c4f1224178a560987b6cf8b4d38458b113d9b8c1db1a836e640a2 \
    --hash=sha256:ec6652a1bee61c53a3e5776b6049172c53b6aaba34f18c9ad04f82712bac623d \
    --hash=sha256:f33dc2a3abe9249ea5d8360f969ec7f4142e7ac45ee7014d8f8d5acddf178b7b
    # via
    #   aiohttp
    #   yarl
multiprocess==0.70.19 ; platform_machine == 'x86_64' and sys_platform == 'linux' \
    --hash=sha256:0d4b4397ed669d371c81dcd1ef33fd384a44d6c3de1bd0ca7ac06d837720d3c5 \
    --hash=sha256:3a56c0e85dd5025161bac5ce138dcac1e49174c7d8e74596537e729fd5c53c28 \
    --hash=sha256:8d5eb4ec5017ba2fab4e34a747c6d2c2b6fecfe9e7236e77988db91580ada952 \
    --hash=sha256:928851ae7973aea4ce0eaf330bbdafb2e01398a91518d5c8818802845564f45c \
    --hash=sha256:952021e0e6c55a4a9fe4cd787895b86e239a40e76802a789d6305398d3975897 \
    --hash=sha256:97404393419dcb2a8385910864eedf47a3cadf82c66345b44f036420eb0b5d87 \
    --hash=sha256:e8cc7fbdff15c0613f0a1f1f8744bef961b0a164c0ca29bdff53e9d2d93c5e5f
    # via datasets
narwhals==2.25.0 ; platform_machine == 'x86_64' and sys_platform == 'linux' \
    --hash=sha256:1f0f403e8c7e4463cde9bfe78b12fdd809e3ae3dda6d9b2f802934fb9c7a6a8f \
    --hash=sha256:62c036c810662bf7820b7737077176313bc59350eeeefb808510f388c743e4b2
    # via scikit-learn
networkx==3.6.1 ; platform_machine == 'x86_64' and sys_platform == 'linux' \
    --hash=sha256:26b7c357accc0c8cde558ad486283728b65b6a95d85ee1cd66bafab4c8168509 \
    --hash=sha256:d47fbf302e7d9cbbb9e2555a0d267983d2aa476bac30e90dfbe5669bd57f3762
    # via torch
numpy==2.5.1 ; platform_machine == 'x86_64' and sys_platform == 'linux' \
    --hash=sha256:224ca51130ef7da85bea2191625181cb4f337f9cb64b471f10c1a12aa8b60077 \
    --hash=sha256:54ad769f17bc2d833b620851989f62054fb9ab93c969d9e1dc3c8e3d56beea21 \
    --hash=sha256:99d5095fa265a0c4152e7bb12759e14381ef5496152f1ce58f44bdf55c44beb4 \
    --hash=sha256:a48a113e6afea91f5608793bafa7ef2ad481fefbda87ec5069f483de61cb9fa3 \
    --hash=sha256:e8c11c405efc5ff6816d5983c96cdfa215bab3428961243af3ff59b228490438
    # via
    #   accelerate
    #   bitsandbytes
    #   causal-generalization-lab
    #   contourpy
    #   datasets
    #   matplotlib
    #   pandas
    #   peft
    #   scikit-learn
    #   scipy
    #   transformers
nvidia-cublas==13.1.1.3 ; platform_machine == 'x86_64' and sys_platform == 'linux' \
    --hash=sha256:37936a16db8fe4ac1f065c2139360608a543a09275cb1a1af612e08cfa065436
    # via
    #   cuda-toolkit
    #   nvidia-cudnn-cu13
    #   nvidia-cusolver
nvidia-cuda-cupti==13.0.85 ; platform_machine == 'x86_64' and sys_platform == 'linux' \
    --hash=sha256:4eb01c08e859bf924d222250d2e8f8b8ff6d3db4721288cf35d14252a4d933c8
    # via cuda-toolkit
nvidia-cuda-nvrtc==13.0.88 ; platform_machine == 'x86_64' and sys_platform == 'linux' \
    --hash=sha256:ad9b6d2ead2435f11cbb6868809d2adeeee302e9bb94bcf0539c7a40d80e8575
    # via
    #   cuda-toolkit
    #   nvidia-cublas
nvidia-cuda-runtime==13.0.96 ; platform_machine == 'x86_64' and sys_platform == 'linux' \
    --hash=sha256:7f82250d7782aa23b6cfe765ecc7db554bd3c2870c43f3d1821f1d18aebf0548
    # via cuda-toolkit
nvidia-cudnn-cu13==9.24.0.43 ; platform_machine == 'x86_64' and sys_platform == 'linux' \
    --hash=sha256:71f181cd810e90f9b6023b01186fe82d13d65f0ec098581ee201d39fad769e4b
    # via torch
nvidia-cufft==12.0.0.61 ; platform_machine == 'x86_64' and sys_platform == 'linux' \
    --hash=sha256:6c44f692dce8fd5ffd3e3df134b6cdb9c2f72d99cf40b62c32dde45eea9ddad3
    # via cuda-toolkit
nvidia-cufile==1.15.1.6 ; platform_machine == 'x86_64' and sys_platform == 'linux' \
    --hash=sha256:08a3ecefae5a01c7f5117351c64f17c7c62efa5fffdbe24fc7d298da19cd0b44
    # via cuda-toolkit
nvidia-curand==10.4.0.35 ; platform_machine == 'x86_64' and sys_platform == 'linux' \
    --hash=sha256:1aee33a5da6e1db083fe2b90082def8915f30f3248d5896bcec36a579d941bfc
    # via cuda-toolkit
nvidia-cusolver==12.0.4.66 ; platform_machine == 'x86_64' and sys_platform == 'linux' \
    --hash=sha256:0a759da5dea5c0ea10fd307de75cdeb59e7ea4fcb8add0924859b944babf1112
    # via cuda-toolkit
nvidia-cusparse==12.6.3.3 ; platform_machine == 'x86_64' and sys_platform == 'linux' \
    --hash=sha256:2b3c89c88d01ee0e477cb7f82ef60a11a4bcd57b6b87c33f789350b59759360b
    # via
    #   cuda-toolkit
    #   nvidia-cusolver
nvidia-cusparselt-cu13==0.8.1 ; platform_machine == 'x86_64' and sys_platform == 'linux' \
    --hash=sha256:786ce87568c303fadb5afcc7102d454cd3040d75f6f8626f5db460d1871f4dd0
    # via torch
nvidia-nccl-cu13==2.30.7 ; platform_machine == 'x86_64' and sys_platform == 'linux' \
    --hash=sha256:cefa7fdb9710efd0f39c5f1be1d61ff6fc9a996c451265bd7fbdcf9455ed4b50
    # via torch
nvidia-nvjitlink==13.3.33 ; platform_machine == 'x86_64' and sys_platform == 'linux' \
    --hash=sha256:26a6de7fb4c8fdaa7703d3dad720d6d427ddfea5c48a528fd97c11733ad830e5
    # via
    #   cuda-toolkit
    #   nvidia-cufft
    #   nvidia-cusolver
    #   nvidia-cusparse
nvidia-nvshmem-cu13==3.4.5 ; platform_machine == 'x86_64' and sys_platform == 'linux' \
    --hash=sha256:290f0a2ee94c9f3687a02502f3b9299a9f9fe826e6d0287ee18482e78d495b80
    # via torch
nvidia-nvtx==13.0.85 ; platform_machine == 'x86_64' and sys_platform == 'linux' \
    --hash=sha256:4936d1d6780fbe68db454f5e72a42ff64d1fd6397df9f363ae786930fd5c1cd4
    # via cuda-toolkit
packaging==26.3 ; platform_machine == 'x86_64' and sys_platform == 'linux' \
    --hash=sha256:94edc256424af38762eb31306eed28beb9f0efc50a8837492c9d6fd6004aed79 \
    --hash=sha256:d7193f7c8e4e93f444fde0262bf90af30e16fa0ad0ad44cb553c87339b23cd1c
    # via
    #   accelerate
    #   bitsandbytes
    #   datasets
    #   huggingface-hub
    #   matplotlib
    #   peft
    #   pytest
    #   transformers
pandas==3.0.5 ; platform_machine == 'x86_64' and sys_platform == 'linux' \
    --hash=sha256:3c5ed2e7c06e91d340dfd091d7934f9bc82e4a36b95f647f090b9d1c9ac649da \
    --hash=sha256:9e94c2c5ca43bd3ca32bf64d32308887b65e5f9bfd8023ea52755107a999f93b \
    --hash=sha256:b58b1b39d46a5862e3fb18f50d1a201398619d16a0f9f73f57eea5583cf0e63c \
    --hash=sha256:dca3734d6ab7c906e6730f0788b0a1dbb9f2467731f9711f77995c8e9d62d712 \
    --hash=sha256:ef01af4d8dc6cd2c8d6c7736f149574ef93fe043811eeb5e445f2647154b5040
    # via
    #   causal-generalization-lab
    #   datasets
peft==0.20.0 ; platform_machine == 'x86_64' and sys_platform == 'linux' \
    --hash=sha256:0fbba16ffebfad3de96e06f2da6860fd860292324b85b6141909fa1e26ea9233 \
    --hash=sha256:4769c8093a4ca145fd6fb3fd4dd50449675f5fe46434ad1e98b285a132d4b1d0
    # via causal-generalization-lab
pillow==12.3.0 ; platform_machine == 'x86_64' and sys_platform == 'linux' \
    --hash=sha256:23aceaa007d6172b02c277f0cd359c79492bbb14f7072b4ede9fbcaf20648130 \
    --hash=sha256:251bf95b67017e27b13d82f5b326234ca62d70f9cf4c2b9032de2358a3b12c7b \
    --hash=sha256:30f2aa603c41533cc25c05acd0da21636e84a315768feb631c937177db558931 \
    --hash=sha256:3b8182a766685eaa002637e28b4ec8d6b18819a0c71f579bf0dbaa5830297cce \
    --hash=sha256:a45650e8ce7fafffd731db8550230db6b0d306d181a90b67d3e6bca2f1990930 \
    --hash=sha256:bf16ba1b4d0b6b7c8e534936632270cf70eb00dbe09005bc345b2677b726855c
    # via matplotlib
pluggy==1.6.0 ; platform_machine == 'x86_64' and sys_platform == 'linux' \
    --hash=sha256:7dcc130b76258d33b90f61b658791dede3486c3e6bfb003ee5c9bfb396dd22f3 \
    --hash=sha256:e920276dd6813095e9377c0bc5566d94c932c33b27a3e3945d8389c374dd4746
    # via
    #   pytest
    #   pytest-cov
propcache==0.5.2 ; platform_machine == 'x86_64' and sys_platform == 'linux' \
    --hash=sha256:01c4fc7480cd0598bb4b57022df55b9ca296da7fc5a8760bd8451a7e63a7d427 \
    --hash=sha256:51f96d685ab16e88cab128cd37a52c5da540809c8b879fa047731bfcb4ad35a4 \
    --hash=sha256:be1ddfcbb376e3de5d2e2db1d58d6d67463e6b4f9f040c000de8e300295465fe \
    --hash=sha256:cc49723e2f60d6b32a0f0b08a3fd6d13203c07f1cd9566cfce0f12a917c967a2 \
    --hash=sha256:cd645f03898405cabe694fb8bc35241e3a9c332ec85627584fe3de201452b335 \
    --hash=sha256:e00820e192c8dbebcafb383ebbf99030895f09905e7a0eb2e0340a0bcc2bc825
    # via
    #   aiohttp
    #   yarl
psutil==7.2.2 ; platform_machine == 'x86_64' and sys_platform == 'linux' \
    --hash=sha256:0746f5f8d406af344fd547f1c8daa5f5c33dbc293bb8d6a16d80b4bb88f59372 \
    --hash=sha256:076a2d2f923fd4821644f5ba89f059523da90dc9014e85f8e45a5774ca5bc6f9 \
    --hash=sha256:1fa4ecf83bcdf6e6c8f4449aff98eefb5d0604bf88cb883d7da3d8d2d909546a \
    --hash=sha256:b58fabe35e80b264a4e3bb23e6b96f9e45a3df7fb7eed419ac0e5947c61e47cc
    # via
    #   accelerate
    #   peft
pyarrow==25.0.1 ; platform_machine == 'x86_64' and sys_platform == 'linux' \
    --hash=sha256:0fe7c8b6c03969b49c8c66182e4a18e3819ab92d07cfab5d8370c531b9369ef0 \
    --hash=sha256:119297a6dc197e45d9c6d4415f7814a67ffa36c180d26f68c154c58067ae782d \
    --hash=sha256:6a1fdfc6659b6b19022f2e50627fb5cf7156a66c46bf4299379955cbe742382a \
    --hash=sha256:9150a83248bfed9813ea3c3af74c3856c1984d444aa28e58bf7733b9750ddf6a \
    --hash=sha256:9171748cdf796972d85a4b60157c279913e242992e350c90c7450182a9838b2a
    # via
    #   causal-generalization-lab
    #   datasets
pycparser==3.0 ; implementation_name != 'PyPy' and platform_machine == 'x86_64' and sys_platform == 'linux' \
    --hash=sha256:600f49d217304a5902ac3c37e1281c9fe94e4d0489de643a9504c5cdfdfc6b29 \
    --hash=sha256:b727414169a36b7d524c1c3e31839a521725078d7b2ff038656844266160a992
    # via cffi
pydantic==2.13.5 ; platform_machine == 'x86_64' and sys_platform == 'linux' \
    --hash=sha256:346a034f080da3755d8e9cb5e00e8b07de1d39e4f6e2c87d8ab7cafa0b269a73 \
    --hash=sha256:51a9c5f7b2f8e636f04c6cada605d9b6a3bf1348fdf945a3d8869b19bba0ee08
    # via causal-generalization-lab
pydantic-core==2.46.5 ; platform_machine == 'x86_64' and sys_platform == 'linux' \
    --hash=sha256:10416c15b8839ecc4ef4d0885da76da6fd0f67333a0eb8aff6d93c4b8f2910fc \
    --hash=sha256:2cbd9a5eff05e51c447c34dfa4632145b26b09120cf04bd0c871e44c1a5e1c9a \
    --hash=sha256:54d510bac3ee52247af28ed4bb18a1e799f040ac60fd2bf5ccd4c92f1fbe786f \
    --hash=sha256:cdbb78909f52b981d3b2d56b97328d71eb0b974c36bd77c920123a7ebb192829 \
    --hash=sha256:ff218293c9c806138dca139765e3b067621be52bcd93cdc14c7711be7ddc90a9
    # via pydantic
pygments==2.21.0 ; platform_machine == 'x86_64' and sys_platform == 'linux' \
    --hash=sha256:2363c69b61c4a97c838da3b130dcd6468f4848992b21a82f2a63ec34377137d9 \
    --hash=sha256:610ca751c9bc2492b38eb9a38a7fbc93edbbb2d7182edaf34e66ae493dee5c8c
    # via
    #   pytest
    #   rich
pyparsing==3.3.2 ; platform_machine == 'x86_64' and sys_platform == 'linux' \
    --hash=sha256:850ba148bd908d7e2411587e247a1e4f0327839c40e2e5e6d05a007ecc69911d \
    --hash=sha256:c777f4d763f140633dcb6d8a3eda953bf7a214dc4eff598413c070bcdc117cbc
    # via matplotlib
pytest==9.1.1 ; platform_machine == 'x86_64' and sys_platform == 'linux' \
    --hash=sha256:1088fbde8f2b49d95a549a195707afa7a76a3ce9bcadc26b6d71f0ffda5fe313 \
    --hash=sha256:37a86b45efb9a47a61a36449063e8e18d0cab3161329fc099eb21783169c4f0c
    # via pytest-cov
pytest-cov==7.1.0 ; platform_machine == 'x86_64' and sys_platform == 'linux' \
    --hash=sha256:30674f2b5f6351aa09702a9c8c364f6a01c27aae0c1366ae8016160d1efc56b2 \
    --hash=sha256:a0461110b7865f9a271aa1b51e516c9a95de9d696734a2f71e3e78f46e1d4678
python-dateutil==2.9.0.post0 ; platform_machine == 'x86_64' and sys_platform == 'linux' \
    --hash=sha256:37dd54208da7e1cd875388217d5e00ebd4179249f90fb72437e91a35459a0ad3 \
    --hash=sha256:a8b2bc7bffae282281c8140a97d3aa9c14da0b136dfe83f850eea9a5f7470427
    # via
    #   matplotlib
    #   pandas
pyyaml==6.0.3 ; platform_machine == 'x86_64' and sys_platform == 'linux' \
    --hash=sha256:00c4bdeba853cc34e7dd471f16b4114f4162dc03e6b7afcc2128711f0eca823c \
    --hash=sha256:16249ee61e95f858e83976573de0f5b2893b3677ba71c9dd36b9cf8be9ac6d65 \
    --hash=sha256:5190d403f121660ce8d1d2c1bb2ef1bd05b5f68533fc5c2ea899bd15f4399b35 \
    --hash=sha256:c458b6d084f9b935061bc36216e8a69a7e293a2f1e68bf956dcd9e6cbcd143f5 \
    --hash=sha256:d76623373421df22fb4cf8817020cbb7ef15c725b9d5e45f17e189bfc384190f
    # via
    #   accelerate
    #   causal-generalization-lab
    #   datasets
    #   huggingface-hub
    #   peft
    #   transformers
regex==2026.9.3 ; platform_machine == 'x86_64' and sys_platform == 'linux' \
    --hash=sha256:6f64c66b3b13758b4f8f56f17972cd0ce5d0033d19d7332ed32e2dbdbce94dec \
    --hash=sha256:994fa00a9b0d14c6e6926ff5ade98d4d83676a5eeab6f87718170e481396d380 \
    --hash=sha256:aabd43208e335f4c3f0b56de3464b066dd425983a58f6eeb5738bcd7465403db \
    --hash=sha256:af06c9099df15ee44fda3fdfa002bfe37de02901c2b3a5ef350853861ef3b4b5 \
    --hash=sha256:d963442186918577ad83e3a8c5564eeeba90e2da233ce59f6eeccbb7b5cf771e
    # via transformers
requests==2.34.2 ; platform_machine == 'x86_64' and sys_platform == 'linux' \
    --hash=sha256:2a0d60c172f83ac6ab31e4554906c0f3b3588d37b5cb939b1c061f4907e278e0 \
    --hash=sha256:f288924cae4e29463698d6d60bc6a4da69c89185ad1e0bcc4104f584e960b9ed
    # via
    #   datasets
    #   easy-dataset-share
rich==14.3.4 ; platform_machine == 'x86_64' and sys_platform == 'linux' \
    --hash=sha256:07e7adb4690f68864777b1450859253bed81a99a31ac321ac1817b2313558952 \
    --hash=sha256:817e02727f2b25b40ef56f5aa2217f400c8489f79ca8f46ea2b70dd5e14558a9
    # via
    #   causal-generalization-lab
    #   typer
ruff==0.16.6 ; platform_machine == 'x86_64' and sys_platform == 'linux' \
    --hash=sha256:9ac8998457832c2061709d900856b7ad271dace0cb41f346588d540162bfa718 \
    --hash=sha256:d72c591a96986ee4268860e2b7235082129ca5e4cb9cbba653a4b57c11893757 \
    --hash=sha256:dcf8a73d2ff77e99dde91244b4da16feba7f14e6beeb4015dee7c5a909e99050
safetensors==0.8.0 ; platform_machine == 'x86_64' and sys_platform == 'linux' \
    --hash=sha256:8e080062fcde23be189565e1c3305d16751a218ecf9412c8601e64204eb6f846 \
    --hash=sha256:fabaf3e0f18a6618d9b36560682562157f77c2b71fcffc7b432be2baed9d753d \
    --hash=sha256:fd6f3f93c9a0a7cc2788ee63fb763353d4bd2e89b0751bc78fcf7dda00bea774
    # via
    #   accelerate
    #   causal-generalization-lab
    #   peft
    #   transformers
scikit-learn==1.9.0 ; platform_machine == 'x86_64' and sys_platform == 'linux' \
    --hash=sha256:1fea2cc5677ab49d6f5bade978c866da44957b712d92e9635e8b4f723013c3cb \
    --hash=sha256:5bad8f8b9950321b54c965fdcbac6c6c55e79e16646b49977bcf3668d3870a1a \
    --hash=sha256:8833266989d3a5110178a9fae30783675460724d0e1efb13b14901d2c660c557
    # via causal-generalization-lab
scipy==1.18.1 ; platform_machine == 'x86_64' and sys_platform == 'linux' \
    --hash=sha256:11c423f1049c5755ad4409af52a9ada1cff96fe9b50795d4af3619f292901239 \
    --hash=sha256:52c4b7422442aba924d03ad4019852b08a92e64ea187b933135687bfe2747307 \
    --hash=sha256:95298364e251be3e60249facbeeca03631d3bb7584f85879516ec55ac717b81f \
    --hash=sha256:a1d33a7836f7ddc1993427966a0823468ec41bcbdb1a9f9942d1d7e57f803ba3 \
    --hash=sha256:ac0333bdf38309aa3dcbe7e3fa7ea29e7a2c37c6ea306a757b700ded8e4596ad
    # via
    #   causal-generalization-lab
    #   scikit-learn
setuptools==84.0.0 ; platform_machine == 'x86_64' and sys_platform == 'linux' \
    --hash=sha256:51a52592b3b99e102b609654876bd65f19f999935166d1352678931132b0c670 \
    --hash=sha256:f4695c21257f0d9b537ec2692c941d02ee143b7cc1276941349a546573b2ef73
    # via torch
shellingham==1.5.4 ; platform_machine == 'x86_64' and sys_platform == 'linux' \
    --hash=sha256:7ecfff8f2fd72616f7481040475a65b2bf8af90a56c89140852d1120324e8686 \
    --hash=sha256:8dbca0739d487e5bd35ab3ca4b36e11c4078f3a234bfce294b0a0291363404de
    # via typer
six==1.17.0 ; platform_machine == 'x86_64' and sys_platform == 'linux' \
    --hash=sha256:4721f391ed90541fddacab5acf947aa0d3dc7d27b2e1e8eda2be8970586c3274 \
    --hash=sha256:ff70335d468e7eb6ec65b95b99d3a2836546063f63acc5171de367e834932a81
    # via python-dateutil
sympy==1.14.0 ; platform_machine == 'x86_64' and sys_platform == 'linux' \
    --hash=sha256:d3d3fe8df1e5a0b42f0e7bdf50541697dbe7d23746e894990c030e2b05e72517 \
    --hash=sha256:e091cc3e99d2141a0ba2847328f5479b05d94a6635cb96148ccb3f34671bd8f5
    # via torch
threadpoolctl==3.6.0 ; platform_machine == 'x86_64' and sys_platform == 'linux' \
    --hash=sha256:43a0b8fd5a2928500110039e43a5eed8480b918967083ea48dc3ab9f13c4a7fb \
    --hash=sha256:8ab8b4aa3491d812b623328249fab5302a68d2d71745c8a4c719a2fcaba9f44e
    # via scikit-learn
tokenizers==0.23.2 ; platform_machine == 'x86_64' and sys_platform == 'linux' \
    --hash=sha256:41c2f84d172449b4dadb9cdc508e3e364076613c35b16e76ecfe47a60d1e3305 \
    --hash=sha256:5c56bda1511921587789163e524d196ed8284174ac23abd7685d5ea8da6c4718 \
    --hash=sha256:7f0f085686b9de0d0079e6f874ae053600db64c5d13049e0bbc0119926d25aac
    # via transformers
torch==2.14.0 ; platform_machine == 'x86_64' and sys_platform == 'linux' \
    --hash=sha256:b2cd92bce63d40bf6fc2e5d840fc2f0063bd180a242daa761cb6088cc2f46e27 \
    --hash=sha256:d2526f71e6638133b97b3cd2881ece3df521460a4727030e8ae2a72a7d3ae31d
    # via
    #   accelerate
    #   bitsandbytes
    #   causal-generalization-lab
    #   peft
tqdm==4.70.0 ; platform_machine == 'x86_64' and sys_platform == 'linux' \
    --hash=sha256:55b0b0dbd97462d06ebee91e4dac24ed4d4702be82b24f07e6c1d27e08cea220 \
    --hash=sha256:7f585706bfddbdebf89daac705b2dfcc16890130727d3197ca62c732b4310953
    # via
    #   datasets
    #   huggingface-hub
    #   peft
    #   transformers
transformers==5.16.1 ; platform_machine == 'x86_64' and sys_platform == 'linux' \
    --hash=sha256:17b0eac726ddc55e84ac58946063e0c6d37fd000c456b581f050ea0f4e822869 \
    --hash=sha256:2f2d5b98a5ad3718713653734298fa620754ed683702a635ebb587df3ed29c7e
    # via
    #   causal-generalization-lab
    #   peft
triton==3.8.0 ; platform_machine == 'x86_64' and sys_platform == 'linux' \
    --hash=sha256:387dae4cb0089a7b6ba1a428ae0782b65c4c58f57d94617cb22ca8593d8ccbca \
    --hash=sha256:74217bb56ed8692759227758e4c4b3bd2d608a209c1a7a081bf361fb4c2c1bf9
    # via torch
typer==0.27.2 ; platform_machine == 'x86_64' and sys_platform == 'linux' \
    --hash=sha256:269b7eb9d3c202ca84b4bc9618cb04ebb43d3d4d1e567e4c768607232c05f945 \
    --hash=sha256:b3a5fc4342d5fc8fda8fc3010b1cf117e9249aab7fae800c2eff62fd3842d97d
    # via
    #   causal-generalization-lab
    #   transformers
typing-extensions==4.16.0 ; platform_machine == 'x86_64' and sys_platform == 'linux' \
    --hash=sha256:481caa481374e813c1b176ada14e97f1f67a4539ce9cfeb3f350d78d6370c2e8 \
    --hash=sha256:dc983d19a509c94dba722ee6abd33940f7c05a89e243c47e907eb4db6f1a43e5
    # via
    #   anyio
    #   huggingface-hub
    #   pydantic
    #   pydantic-core
    #   torch
    #   typing-inspection
typing-inspection==0.4.4 ; platform_machine == 'x86_64' and sys_platform == 'linux' \
    --hash=sha256:547274fa6b0a561ccf549cc9524b999a578e737d015d8709d021f9d0d13bea47 \
    --hash=sha256:65b8397ba37ccbce054456aaccddfc91e6e3083c92824df348d96ca832f3f147
    # via pydantic
urllib3==2.7.0 ; platform_machine == 'x86_64' and sys_platform == 'linux' \
    --hash=sha256:231e0ec3b63ceb14667c67be60f2f2c40a518cb38b03af60abc813da26505f4c \
    --hash=sha256:9fb4c81ebbb1ce9531cce37674bbc6f1360472bc18ca9a553ede278ef7276897
    # via requests
xxhash==4.0.1 ; platform_machine == 'x86_64' and sys_platform == 'linux' \
    --hash=sha256:4741d42d59e4e5fa1a86c17ab9c27dc8ea459c700d91b6742fdb9138d9a516cb \
    --hash=sha256:63aa52659bc32bb9bd7cb5caf523b4d14429a477762cfac886132d687c1f80fc \
    --hash=sha256:67e57b834e07ed973cee7b6da1548ff28a56458d77696fd2a5f397f340694848 \
    --hash=sha256:6a9f98af872355e0c02439e48583958eee00e60b928bb20476460d9d40cb7b4e \
    --hash=sha256:a949b072ea59c6eca0811ccd9e95133cc50d2afda8d464b5b077c78f78efa269 \
    --hash=sha256:d55bf4ef10eb09b8b6866790e083d26d087d84caa3cc0946ba87c3ca7ecaf7b7 \
    --hash=sha256:ffa44b4c7c5d0ffa31356b4428659516c0e47647825c74079a296b3857b6d99d
    # via datasets
yarl==1.24.5 ; platform_machine == 'x86_64' and sys_platform == 'linux' \
    --hash=sha256:66410eb6345d467151934b49bfa70fb32f5b35a6140baa40ad97d6436abea2e9 \
    --hash=sha256:9d1216a7f6f77836617dba35687c5b78a4170afc3c3f18fc788f785ba26565c4 \
    --hash=sha256:a33700d13d9b7d84fd10947b09ff69fb9a792e519c8cb9764a3ca70baa6c23a7 \
    --hash=sha256:a61834fb15d81322d872eaafd333838ae7c9cea84067f232656f75965933d047 \
    --hash=sha256:cbb833ccacdb5519eff9b8b71ee618cc2801c878e77e288775d77c3a2ced858a \
    --hash=sha256:e81b83143bee16329c23db3c1b2d82b29892fcbcb849186d2f6e98a5abe9a57f
    # via aiohttp
